{
  "name": "patchproof-demo-fixture",
  "version": "1.0.0",
  "lockfileVersion": 3,
  "requires": true,
  "packages": {
    "": {
      "name": "patchproof-demo-fixture",
      "version": "1.0.0",
      "dependencies": {
        "lodash": "4.17.20",
        "minimatch": "3.0.4"
      }
    },
    "node_modules/lodash": {
      "version": "4.17.20",
      "resolved": "https://registry.npmjs.org/lodash/-/lodash-4.17.20.tgz",
      "integrity": "sha512-demo-lodash"
    },
    "node_modules/minimatch": {
      "version": "3.0.4",
      "resolved": "https://registry.npmjs.org/minimatch/-/minimatch-3.0.4.tgz",
      "integrity": "sha512-demo-minimatch"
    }
  }
}
