{
  "name": "dev-transitive-fixture",
  "version": "1.0.0",
  "lockfileVersion": 3,
  "packages": {
    "": {
      "name": "dev-transitive-fixture",
      "version": "1.0.0",
      "devDependencies": {
        "build-tool": "1.0.0"
      }
    },
    "node_modules/build-tool": {
      "version": "1.0.0",
      "dev": true
    },
    "node_modules/build-tool/node_modules/minimatch": {
      "name": "minimatch",
      "version": "3.0.4",
      "dev": true,
      "integrity": "sha512-dev-transitive"
    }
  }
}
