{
  "name": "vulnerable-fixture",
  "version": "1.0.0",
  "lockfileVersion": 3,
  "packages": {
    "": {
      "name": "vulnerable-fixture",
      "version": "1.0.0",
      "dependencies": {
        "lodash": "4.17.20",
        "minimatch": "3.0.4"
      }
    },
    "node_modules/lodash": {
      "version": "4.17.20",
      "integrity": "sha512-vulnerable-lodash"
    },
    "node_modules/minimatch": {
      "version": "3.0.4",
      "integrity": "sha512-vulnerable-minimatch"
    }
  }
}
